
Microsoft Visual Studio Solution File, Format Version 12.00
# Visual Studio Version 17
VisualStudioVersion = 17.0.32014.148
MinimumVisualStudioVersion = 10.0.40219.1
Project("{FAE04EC0-301F-11D3-BF4B-00C04F79EFBC}") = "Southport.Messaging.Email.Smtp", "Southport.Messaging.Email.Smtp\Southport.Messaging.Email.Smtp.csproj", "{7931F379-DE42-4280-9BD0-FE788FE7E348}"
EndProject
Project("{9A19103F-16F7-4668-BE54-9A1E7A4F7556}") = "Southport.Messaging.Email.Smtp.Test", "Southport.Messaging.Email.Smtp.Test\Southport.Messaging.Email.Smtp.Test.csproj", "{349F01DA-AA90-42E4-A654-3FC6EAEBCC7C}"
EndProject
Project("{2150E333-8FDC-42A3-9474-1A3956D46DE8}") = "DevOps", "DevOps", "{AA89F69C-FB2D-4D6C-B7FD-775EB32E3AFB}"
	ProjectSection(SolutionItems) = preProject
		DevOps\azure-pipelines.yml = DevOps\azure-pipelines.yml
		DevOps\build.yml = DevOps\build.yml
		DevOps\deploy.yml = DevOps\deploy.yml
	EndProjectSection
EndProject
Project("{2150E333-8FDC-42A3-9474-1A3956D46DE8}") = "Variable", "Variable", "{24CA4D5C-E55A-4DCC-B263-DF947F7D59CB}"
	ProjectSection(SolutionItems) = preProject
		DevOps\Variables\variables.dev.yml = DevOps\Variables\variables.dev.yml
		DevOps\Variables\variables.prod.yml = DevOps\Variables\variables.prod.yml
		DevOps\Variables\variables.yml = DevOps\Variables\variables.yml
	EndProjectSection
EndProject
Global
	GlobalSection(SolutionConfigurationPlatforms) = preSolution
		Debug|Any CPU = Debug|Any CPU
		Release|Any CPU = Release|Any CPU
	EndGlobalSection
	GlobalSection(ProjectConfigurationPlatforms) = postSolution
		{7931F379-DE42-4280-9BD0-FE788FE7E348}.Debug|Any CPU.ActiveCfg = Debug|Any CPU
		{7931F379-DE42-4280-9BD0-FE788FE7E348}.Debug|Any CPU.Build.0 = Debug|Any CPU
		{7931F379-DE42-4280-9BD0-FE788FE7E348}.Release|Any CPU.ActiveCfg = Release|Any CPU
		{7931F379-DE42-4280-9BD0-FE788FE7E348}.Release|Any CPU.Build.0 = Release|Any CPU
		{349F01DA-AA90-42E4-A654-3FC6EAEBCC7C}.Debug|Any CPU.ActiveCfg = Debug|Any CPU
		{349F01DA-AA90-42E4-A654-3FC6EAEBCC7C}.Debug|Any CPU.Build.0 = Debug|Any CPU
		{349F01DA-AA90-42E4-A654-3FC6EAEBCC7C}.Release|Any CPU.ActiveCfg = Release|Any CPU
		{349F01DA-AA90-42E4-A654-3FC6EAEBCC7C}.Release|Any CPU.Build.0 = Release|Any CPU
	EndGlobalSection
	GlobalSection(SolutionProperties) = preSolution
		HideSolutionNode = FALSE
	EndGlobalSection
	GlobalSection(NestedProjects) = preSolution
		{24CA4D5C-E55A-4DCC-B263-DF947F7D59CB} = {AA89F69C-FB2D-4D6C-B7FD-775EB32E3AFB}
	EndGlobalSection
	GlobalSection(ExtensibilityGlobals) = postSolution
		SolutionGuid = {95772973-B9A3-4794-BC80-602D5D742DFB}
	EndGlobalSection
EndGlobal
